<?xml version="1.0" encoding="utf-8"?>
<Project ToolsVersion="4.0" xmlns="http://schemas.microsoft.com/developer/msbuild/2003">
  <ItemGroup>
    <Filter Include="Source Files">
      <UniqueIdentifier>{4FC737F1-C7A5-4376-A066-2A32D752A2FF}</UniqueIdentifier>
      <Extensions>cpp;c;cc;cxx;def;odl;idl;hpj;bat;asm;asmx</Extensions>
    </Filter>
    <Filter Include="Header Files">
      <UniqueIdentifier>{93995380-89BD-4b04-88EB-625FBE52EBFB}</UniqueIdentifier>
      <Extensions>h;hpp;hxx;hm;inl;inc;xsd</Extensions>
    </Filter>
    <Filter Include="Source Files\PKB">
      <UniqueIdentifier>{71129bfe-261e-413e-86f7-123be2564891}</UniqueIdentifier>
    </Filter>
    <Filter Include="Header Files\PKB">
      <UniqueIdentifier>{ac377cdf-0cdf-4c70-a972-638dfc6a869c}</UniqueIdentifier>
    </Filter>
    <Filter Include="Source Files\PQL">
      <UniqueIdentifier>{fabf737a-1c2e-427c-87d9-5a07940eddd7}</UniqueIdentifier>
    </Filter>
    <Filter Include="Source Files\PQL\QueryEvaluator">
      <UniqueIdentifier>{a164196c-e6b7-4af7-af71-d232dcac5339}</UniqueIdentifier>
    </Filter>
    <Filter Include="Header Files\PQL">
      <UniqueIdentifier>{1dadeb3f-1396-4337-967a-04eeda89b2cc}</UniqueIdentifier>
    </Filter>
  </ItemGroup>
  <ItemGroup>
    <ClCompile Include="..\source\Parser.cpp">
      <Filter>Source Files</Filter>
    </ClCompile>
    <ClCompile Include="..\source\PKB.cpp">
      <Filter>Source Files</Filter>
    </ClCompile>
    <ClCompile Include="..\source\TNode.cpp">
      <Filter>Source Files</Filter>
    </ClCompile>
    <ClCompile Include="..\source\MainQuery.cpp">
      <Filter>Source Files\PQL</Filter>
    </ClCompile>
    <ClCompile Include="..\source\Query.cpp">
      <Filter>Source Files\PQL</Filter>
    </ClCompile>
    <ClCompile Include="..\source\QueryExtractor.cpp">
      <Filter>Source Files\PQL</Filter>
    </ClCompile>
    <ClCompile Include="..\source\QueryPair.cpp">
      <Filter>Source Files\PQL</Filter>
    </ClCompile>
    <ClCompile Include="..\source\QueryParam.cpp">
      <Filter>Source Files\PQL</Filter>
    </ClCompile>
    <ClCompile Include="..\source\RelTable.cpp">
      <Filter>Source Files\PQL</Filter>
    </ClCompile>
    <ClCompile Include="..\source\Validation.cpp">
      <Filter>Source Files\PQL</Filter>
    </ClCompile>
    <ClCompile Include="..\source\QueryEvaluator.cpp">
      <Filter>Source Files\PQL\QueryEvaluator</Filter>
    </ClCompile>
    <ClCompile Include="..\source\ResultUnit.cpp">
      <Filter>Source Files\PQL\QueryEvaluator</Filter>
    </ClCompile>
    <ClCompile Include="..\source\QueryClause.cpp">
      <Filter>Source Files\PQL</Filter>
    </ClCompile>
    <ClCompile Include="..\source\AST.cpp">
      <Filter>Source Files\PKB</Filter>
    </ClCompile>
    <ClCompile Include="..\source\Follow.cpp">
      <Filter>Source Files\PKB</Filter>
    </ClCompile>
    <ClCompile Include="..\source\ProcTable.cpp">
      <Filter>Source Files\PKB</Filter>
    </ClCompile>
    <ClCompile Include="..\source\VarTable.cpp">
      <Filter>Source Files\PKB</Filter>
    </ClCompile>
    <ClCompile Include="..\source\Modify.cpp">
      <Filter>Source Files\PKB</Filter>
    </ClCompile>
    <ClCompile Include="..\source\Uses.cpp">
      <Filter>Source Files\PKB</Filter>
    </ClCompile>
    <ClCompile Include="..\source\Pattern.cpp">
      <Filter>Source Files\PKB</Filter>
    </ClCompile>
    <ClCompile Include="..\source\Parent.cpp">
      <Filter>Source Files\PKB</Filter>
    </ClCompile>
    <ClCompile Include="..\source\DesignExtractor.cpp">
      <Filter>Source Files\PKB</Filter>
    </ClCompile>
    <ClCompile Include="..\source\Call.cpp">
      <Filter>Source Files</Filter>
    </ClCompile>
  </ItemGroup>
  <ItemGroup>
    <ClInclude Include="..\source\Parser.h">
      <Filter>Header Files</Filter>
    </ClInclude>
    <ClInclude Include="..\source\PKB.h">
      <Filter>Header Files</Filter>
    </ClInclude>
    <ClInclude Include="..\source\TNode.h">
      <Filter>Header Files</Filter>
    </ClInclude>
    <ClInclude Include="..\source\MainQuery.h">
      <Filter>Header Files\PQL</Filter>
    </ClInclude>
    <ClInclude Include="..\source\ResultUnit.h">
      <Filter>Header Files\PQL</Filter>
    </ClInclude>
    <ClInclude Include="..\source\Query.h">
      <Filter>Header Files\PQL</Filter>
    </ClInclude>
    <ClInclude Include="..\source\QueryClause.h">
      <Filter>Header Files\PQL</Filter>
    </ClInclude>
    <ClInclude Include="..\source\QueryEvaluator.h">
      <Filter>Header Files\PQL</Filter>
    </ClInclude>
    <ClInclude Include="..\source\QueryExtractor.h">
      <Filter>Header Files\PQL</Filter>
    </ClInclude>
    <ClInclude Include="..\source\QueryPair.h">
      <Filter>Header Files\PQL</Filter>
    </ClInclude>
    <ClInclude Include="..\source\QueryParam.h">
      <Filter>Header Files\PQL</Filter>
    </ClInclude>
    <ClInclude Include="..\source\RelTable.h">
      <Filter>Header Files\PQL</Filter>
    </ClInclude>
    <ClInclude Include="..\source\Validation.h">
      <Filter>Header Files\PQL</Filter>
    </ClInclude>
    <ClInclude Include="..\source\AST.h">
      <Filter>Header Files\PKB</Filter>
    </ClInclude>
    <ClInclude Include="..\source\Follow.h">
      <Filter>Header Files\PKB</Filter>
    </ClInclude>
    <ClInclude Include="..\source\Modify.h">
      <Filter>Header Files\PKB</Filter>
    </ClInclude>
    <ClInclude Include="..\source\Parent.h">
      <Filter>Header Files\PKB</Filter>
    </ClInclude>
    <ClInclude Include="..\source\Pattern.h">
      <Filter>Header Files\PKB</Filter>
    </ClInclude>
    <ClInclude Include="..\source\ProcTable.h">
      <Filter>Header Files\PKB</Filter>
    </ClInclude>
    <ClInclude Include="..\source\Uses.h">
      <Filter>Header Files\PKB</Filter>
    </ClInclude>
    <ClInclude Include="..\source\VarTable.h">
      <Filter>Header Files\PKB</Filter>
    </ClInclude>
    <ClInclude Include="..\source\DesignExtractor.h">
      <Filter>Header Files\PKB</Filter>
    </ClInclude>
    <ClInclude Include="..\source\Call.h">
      <Filter>Header Files\PKB</Filter>
    </ClInclude>
  </ItemGroup>
</Project>